
Microsoft Visual Studio Solution File, Format Version 12.00
# Visual Studio Version 16
VisualStudioVersion = 16.0.31729.503
MinimumVisualStudioVersion = 10.0.40219.1
Project("{FAE04EC0-301F-11D3-BF4B-00C04F79EFBC}") = "Matrici2", "Matrici2.csproj", "{A2AF434A-AB41-4275-9B6D-8C2FCD3B9BCC}"
EndProject
Global
	GlobalSection(SolutionConfigurationPlatforms) = preSolution
		Debug|Any CPU = Debug|Any CPU
		Release|Any CPU = Release|Any CPU
	EndGlobalSection
	GlobalSection(ProjectConfigurationPlatforms) = postSolution
		{A2AF434A-AB41-4275-9B6D-8C2FCD3B9BCC}.Debug|Any CPU.ActiveCfg = Debug|Any CPU
		{A2AF434A-AB41-4275-9B6D-8C2FCD3B9BCC}.Debug|Any CPU.Build.0 = Debug|Any CPU
		{A2AF434A-AB41-4275-9B6D-8C2FCD3B9BCC}.Release|Any CPU.ActiveCfg = Release|Any CPU
		{A2AF434A-AB41-4275-9B6D-8C2FCD3B9BCC}.Release|Any CPU.Build.0 = Release|Any CPU
	EndGlobalSection
	GlobalSection(SolutionProperties) = preSolution
		HideSolutionNode = FALSE
	EndGlobalSection
	GlobalSection(ExtensibilityGlobals) = postSolution
		SolutionGuid = {68DF3D14-C382-4CEC-A511-18DFD60969BD}
	EndGlobalSection
EndGlobal
